
Microsoft Visual Studio Solution File, Format Version 12.00
# Visual Studio Version 16
VisualStudioVersion = 16.0.29709.97
MinimumVisualStudioVersion = 10.0.40219.1
Project("{FAE04EC0-301F-11D3-BF4B-00C04F79EFBC}") = "lxsShop.Web", "lxsShop.Web\lxsShop.Web.csproj", "{1039E139-926A-4C0A-AB4B-CEC9B8A7D1C0}"
EndProject
Project("{FAE04EC0-301F-11D3-BF4B-00C04F79EFBC}") = "lxsShop.Entitys", "lxsShop.Entitys\lxsShop.Entitys.csproj", "{02AD9814-07D1-48BF-8472-E360B581E953}"
EndProject
Project("{FAE04EC0-301F-11D3-BF4B-00C04F79EFBC}") = "lxsShop.BLL", "lxsShop.BLL\lxsShop.BLL.csproj", "{9528C527-0437-4563-930B-CCF5CD41F1B6}"
EndProject
Global
	GlobalSection(SolutionConfigurationPlatforms) = preSolution
		Debug|Any CPU = Debug|Any CPU
		Release|Any CPU = Release|Any CPU
	EndGlobalSection
	GlobalSection(ProjectConfigurationPlatforms) = postSolution
		{1039E139-926A-4C0A-AB4B-CEC9B8A7D1C0}.Debug|Any CPU.ActiveCfg = Debug|Any CPU
		{1039E139-926A-4C0A-AB4B-CEC9B8A7D1C0}.Debug|Any CPU.Build.0 = Debug|Any CPU
		{1039E139-926A-4C0A-AB4B-CEC9B8A7D1C0}.Release|Any CPU.ActiveCfg = Release|Any CPU
		{1039E139-926A-4C0A-AB4B-CEC9B8A7D1C0}.Release|Any CPU.Build.0 = Release|Any CPU
		{02AD9814-07D1-48BF-8472-E360B581E953}.Debug|Any CPU.ActiveCfg = Debug|Any CPU
		{02AD9814-07D1-48BF-8472-E360B581E953}.Debug|Any CPU.Build.0 = Debug|Any CPU
		{02AD9814-07D1-48BF-8472-E360B581E953}.Release|Any CPU.ActiveCfg = Release|Any CPU
		{02AD9814-07D1-48BF-8472-E360B581E953}.Release|Any CPU.Build.0 = Release|Any CPU
		{9528C527-0437-4563-930B-CCF5CD41F1B6}.Debug|Any CPU.ActiveCfg = Debug|Any CPU
		{9528C527-0437-4563-930B-CCF5CD41F1B6}.Debug|Any CPU.Build.0 = Debug|Any CPU
		{9528C527-0437-4563-930B-CCF5CD41F1B6}.Release|Any CPU.ActiveCfg = Release|Any CPU
		{9528C527-0437-4563-930B-CCF5CD41F1B6}.Release|Any CPU.Build.0 = Release|Any CPU
	EndGlobalSection
	GlobalSection(SolutionProperties) = preSolution
		HideSolutionNode = FALSE
	EndGlobalSection
	GlobalSection(ExtensibilityGlobals) = postSolution
		SolutionGuid = {28DEAC29-91A4-4E44-9A40-863BA41DB610}
	EndGlobalSection
EndGlobal
