
Microsoft Visual Studio Solution File, Format Version 12.00
# Visual Studio Version 16
VisualStudioVersion = 16.0.29709.97
MinimumVisualStudioVersion = 10.0.40219.1
Project("{9A19103F-16F7-4668-BE54-9A1E7A4F7556}") = "lxsShop.Web", "lxsShop.Web\lxsShop.Web.csproj", "{1039E139-926A-4C0A-AB4B-CEC9B8A7D1C0}"
EndProject
Project("{9A19103F-16F7-4668-BE54-9A1E7A4F7556}") = "lxsShop.Entitys", "lxsShop.Entitys\lxsShop.Entitys.csproj", "{02AD9814-07D1-48BF-8472-E360B581E953}"
EndProject
Project("{9A19103F-16F7-4668-BE54-9A1E7A4F7556}") = "lxsShop.Repository", "lxsShop.Repositories\lxsShop.Repository.csproj", "{9C02B30D-FC5F-44F8-BB42-B6E8AE2F3C06}"
EndProject
Project("{9A19103F-16F7-4668-BE54-9A1E7A4F7556}") = "lxsShop.Services", "lxsShop.Services\lxsShop.Services.csproj", "{162DAADD-D6BC-4D8B-8ACE-CF6365C9878E}"
EndProject
Project("{2150E333-8FDC-42A3-9474-1A3956D46DE8}") = "04.Web", "04.Web", "{45FBE115-D0F2-4988-8488-248359032BC9}"
EndProject
Project("{2150E333-8FDC-42A3-9474-1A3956D46DE8}") = "01.Entitys", "01.Entitys", "{BA372B41-38F2-4333-BB91-7B5DC2F092E0}"
EndProject
Project("{2150E333-8FDC-42A3-9474-1A3956D46DE8}") = "02.Repository", "02.Repository", "{19698DF9-67E6-41C4-A0EF-CDE57E390422}"
EndProject
Project("{2150E333-8FDC-42A3-9474-1A3956D46DE8}") = "03.Services", "03.Services", "{A66847DC-F57C-4DEF-B619-B49275AA2977}"
EndProject
Project("{FAE04EC0-301F-11D3-BF4B-00C04F79EFBC}") = "lxsShop.ViewModel", "lxsShop.ViewModel\lxsShop.ViewModel.csproj", "{8D551E1F-29C3-4E3A-B46B-C0ED6FEDE94F}"
EndProject
Global
	GlobalSection(SolutionConfigurationPlatforms) = preSolution
		Debug|Any CPU = Debug|Any CPU
		Release|Any CPU = Release|Any CPU
	EndGlobalSection
	GlobalSection(ProjectConfigurationPlatforms) = postSolution
		{1039E139-926A-4C0A-AB4B-CEC9B8A7D1C0}.Debug|Any CPU.ActiveCfg = Debug|Any CPU
		{1039E139-926A-4C0A-AB4B-CEC9B8A7D1C0}.Debug|Any CPU.Build.0 = Debug|Any CPU
		{1039E139-926A-4C0A-AB4B-CEC9B8A7D1C0}.Release|Any CPU.ActiveCfg = Release|Any CPU
		{1039E139-926A-4C0A-AB4B-CEC9B8A7D1C0}.Release|Any CPU.Build.0 = Release|Any CPU
		{02AD9814-07D1-48BF-8472-E360B581E953}.Debug|Any CPU.ActiveCfg = Debug|Any CPU
		{02AD9814-07D1-48BF-8472-E360B581E953}.Debug|Any CPU.Build.0 = Debug|Any CPU
		{02AD9814-07D1-48BF-8472-E360B581E953}.Release|Any CPU.ActiveCfg = Release|Any CPU
		{02AD9814-07D1-48BF-8472-E360B581E953}.Release|Any CPU.Build.0 = Release|Any CPU
		{9C02B30D-FC5F-44F8-BB42-B6E8AE2F3C06}.Debug|Any CPU.ActiveCfg = Debug|Any CPU
		{9C02B30D-FC5F-44F8-BB42-B6E8AE2F3C06}.Debug|Any CPU.Build.0 = Debug|Any CPU
		{9C02B30D-FC5F-44F8-BB42-B6E8AE2F3C06}.Release|Any CPU.ActiveCfg = Release|Any CPU
		{9C02B30D-FC5F-44F8-BB42-B6E8AE2F3C06}.Release|Any CPU.Build.0 = Release|Any CPU
		{162DAADD-D6BC-4D8B-8ACE-CF6365C9878E}.Debug|Any CPU.ActiveCfg = Debug|Any CPU
		{162DAADD-D6BC-4D8B-8ACE-CF6365C9878E}.Debug|Any CPU.Build.0 = Debug|Any CPU
		{162DAADD-D6BC-4D8B-8ACE-CF6365C9878E}.Release|Any CPU.ActiveCfg = Release|Any CPU
		{162DAADD-D6BC-4D8B-8ACE-CF6365C9878E}.Release|Any CPU.Build.0 = Release|Any CPU
		{8D551E1F-29C3-4E3A-B46B-C0ED6FEDE94F}.Debug|Any CPU.ActiveCfg = Debug|Any CPU
		{8D551E1F-29C3-4E3A-B46B-C0ED6FEDE94F}.Debug|Any CPU.Build.0 = Debug|Any CPU
		{8D551E1F-29C3-4E3A-B46B-C0ED6FEDE94F}.Release|Any CPU.ActiveCfg = Release|Any CPU
		{8D551E1F-29C3-4E3A-B46B-C0ED6FEDE94F}.Release|Any CPU.Build.0 = Release|Any CPU
	EndGlobalSection
	GlobalSection(SolutionProperties) = preSolution
		HideSolutionNode = FALSE
	EndGlobalSection
	GlobalSection(NestedProjects) = preSolution
		{1039E139-926A-4C0A-AB4B-CEC9B8A7D1C0} = {45FBE115-D0F2-4988-8488-248359032BC9}
		{02AD9814-07D1-48BF-8472-E360B581E953} = {BA372B41-38F2-4333-BB91-7B5DC2F092E0}
		{9C02B30D-FC5F-44F8-BB42-B6E8AE2F3C06} = {19698DF9-67E6-41C4-A0EF-CDE57E390422}
		{162DAADD-D6BC-4D8B-8ACE-CF6365C9878E} = {A66847DC-F57C-4DEF-B619-B49275AA2977}
		{8D551E1F-29C3-4E3A-B46B-C0ED6FEDE94F} = {BA372B41-38F2-4333-BB91-7B5DC2F092E0}
	EndGlobalSection
	GlobalSection(ExtensibilityGlobals) = postSolution
		SolutionGuid = {28DEAC29-91A4-4E44-9A40-863BA41DB610}
	EndGlobalSection
EndGlobal
